
Microsoft Visual Studio Solution File, Format Version 12.00
# Visual Studio Version 17
VisualStudioVersion = 17.0.32002.185
MinimumVisualStudioVersion = 10.0.40219.1
Project("{FAE04EC0-301F-11D3-BF4B-00C04F79EFBC}") = "GaliciaSeguros.Template.DDD.API", "GaliciaSeguros.Template.DDD.API\GaliciaSeguros.Template.DDD.API.csproj", "{70C8A320-A6C1-4051-8C40-FD522DAE3F3F}"
EndProject
Project("{FAE04EC0-301F-11D3-BF4B-00C04F79EFBC}") = "GaliciaSeguros.Template.DDD.Infrastructure", "GaliciaSeguros.Template.DDD.Infrastructure\GaliciaSeguros.Template.DDD.Infrastructure.csproj", "{F7B9A8DE-E99B-42F3-90BD-6E3831A5F044}"
EndProject
Global
	GlobalSection(SolutionConfigurationPlatforms) = preSolution
		Debug|Any CPU = Debug|Any CPU
		Release|Any CPU = Release|Any CPU
	EndGlobalSection
	GlobalSection(ProjectConfigurationPlatforms) = postSolution
		{70C8A320-A6C1-4051-8C40-FD522DAE3F3F}.Debug|Any CPU.ActiveCfg = Debug|Any CPU
		{70C8A320-A6C1-4051-8C40-FD522DAE3F3F}.Debug|Any CPU.Build.0 = Debug|Any CPU
		{70C8A320-A6C1-4051-8C40-FD522DAE3F3F}.Release|Any CPU.ActiveCfg = Release|Any CPU
		{70C8A320-A6C1-4051-8C40-FD522DAE3F3F}.Release|Any CPU.Build.0 = Release|Any CPU
		{F7B9A8DE-E99B-42F3-90BD-6E3831A5F044}.Debug|Any CPU.ActiveCfg = Debug|Any CPU
		{F7B9A8DE-E99B-42F3-90BD-6E3831A5F044}.Debug|Any CPU.Build.0 = Debug|Any CPU
		{F7B9A8DE-E99B-42F3-90BD-6E3831A5F044}.Release|Any CPU.ActiveCfg = Release|Any CPU
		{F7B9A8DE-E99B-42F3-90BD-6E3831A5F044}.Release|Any CPU.Build.0 = Release|Any CPU
	EndGlobalSection
	GlobalSection(SolutionProperties) = preSolution
		HideSolutionNode = FALSE
	EndGlobalSection
	GlobalSection(ExtensibilityGlobals) = postSolution
		SolutionGuid = {466EC509-0EA4-477B-95C0-F8A36D774D19}
	EndGlobalSection
EndGlobal
