
Microsoft Visual Studio Solution File, Format Version 12.00
# Visual Studio Version 17
VisualStudioVersion = 17.0.32002.185
MinimumVisualStudioVersion = 10.0.40219.1
Project("{9A19103F-16F7-4668-BE54-9A1E7A4F7556}") = "GaliciaSeguros.IaaS.Service.Template.DDD.API", "src\GaliciaSeguros.IaaS.Service.Template.DDD.API\GaliciaSeguros.IaaS.Service.Template.DDD.API.csproj", "{957CB6CF-52C8-4A24-93CF-6F9278E5376A}"
EndProject
Project("{E53339B2-1760-4266-BCC7-CA923CBCF16C}") = "docker-compose", "docker-compose.dcproj", "{A82B00E1-7051-4509-9B6F-9B6D632AF1BC}"
EndProject
Global
	GlobalSection(SolutionConfigurationPlatforms) = preSolution
		Debug|Any CPU = Debug|Any CPU
		Release|Any CPU = Release|Any CPU
	EndGlobalSection
	GlobalSection(ProjectConfigurationPlatforms) = postSolution
		{957CB6CF-52C8-4A24-93CF-6F9278E5376A}.Debug|Any CPU.ActiveCfg = Debug|Any CPU
		{957CB6CF-52C8-4A24-93CF-6F9278E5376A}.Debug|Any CPU.Build.0 = Debug|Any CPU
		{957CB6CF-52C8-4A24-93CF-6F9278E5376A}.Release|Any CPU.ActiveCfg = Release|Any CPU
		{957CB6CF-52C8-4A24-93CF-6F9278E5376A}.Release|Any CPU.Build.0 = Release|Any CPU
		{A82B00E1-7051-4509-9B6F-9B6D632AF1BC}.Debug|Any CPU.ActiveCfg = Debug|Any CPU
		{A82B00E1-7051-4509-9B6F-9B6D632AF1BC}.Debug|Any CPU.Build.0 = Debug|Any CPU
		{A82B00E1-7051-4509-9B6F-9B6D632AF1BC}.Release|Any CPU.ActiveCfg = Release|Any CPU
		{A82B00E1-7051-4509-9B6F-9B6D632AF1BC}.Release|Any CPU.Build.0 = Release|Any CPU
	EndGlobalSection
	GlobalSection(SolutionProperties) = preSolution
		HideSolutionNode = FALSE
	EndGlobalSection
	GlobalSection(ExtensibilityGlobals) = postSolution
		SolutionGuid = {B339CB9B-D1FE-41FE-85BA-153D8AF86B38}
	EndGlobalSection
EndGlobal
